
Microsoft Visual Studio Solution File, Format Version 12.00
# Visual Studio Version 16
VisualStudioVersion = 16.0.31129.286
MinimumVisualStudioVersion = 10.0.40219.1
Project("{FAE04EC0-301F-11D3-BF4B-00C04F79EFBC}") = "AskerDagitimUygulamasi", "AskerDagitimUygulamasi\AskerDagitimUygulamasi.csproj", "{BF38ADAC-EBEE-4834-AE5A-275B05B72A84}"
EndProject
Global
	GlobalSection(SolutionConfigurationPlatforms) = preSolution
		Debug|Any CPU = Debug|Any CPU
		Release|Any CPU = Release|Any CPU
	EndGlobalSection
	GlobalSection(ProjectConfigurationPlatforms) = postSolution
		{BF38ADAC-EBEE-4834-AE5A-275B05B72A84}.Debug|Any CPU.ActiveCfg = Debug|Any CPU
		{BF38ADAC-EBEE-4834-AE5A-275B05B72A84}.Debug|Any CPU.Build.0 = Debug|Any CPU
		{BF38ADAC-EBEE-4834-AE5A-275B05B72A84}.Release|Any CPU.ActiveCfg = Release|Any CPU
		{BF38ADAC-EBEE-4834-AE5A-275B05B72A84}.Release|Any CPU.Build.0 = Release|Any CPU
	EndGlobalSection
	GlobalSection(SolutionProperties) = preSolution
		HideSolutionNode = FALSE
	EndGlobalSection
	GlobalSection(ExtensibilityGlobals) = postSolution
		SolutionGuid = {919245CA-6D6B-4705-8F01-8103FE566A33}
	EndGlobalSection
EndGlobal
